
Microsoft Visual Studio Solution File, Format Version 12.00
# Visual Studio Version 17
VisualStudioVersion = 17.11.35222.181
MinimumVisualStudioVersion = 10.0.40219.1
Project("{FAE04EC0-301F-11D3-BF4B-00C04F79EFBC}") = "GUI_Basica1", "GUI_Basica1\GUI_Basica1.csproj", "{FD1440CF-C9A2-4E4D-93D0-4FC7A5D064C0}"
EndProject
Project("{2150E333-8FDC-42A3-9474-1A3956D46DE8}") = "GUI_Basica", "GUI_Basica", "{806EB91A-0E7F-4F36-8431-9D8BC99FBD66}"
EndProject
Project("{2150E333-8FDC-42A3-9474-1A3956D46DE8}") = "GUI_Dimamica", "GUI_Dimamica", "{36FFB316-7E94-4920-9D4E-DA69383446F0}"
EndProject
Project("{FAE04EC0-301F-11D3-BF4B-00C04F79EFBC}") = "GUI_Dinamica", "..\GUI_Dinamica\GUI_Dinamica\GUI_Dinamica.csproj", "{0793F04D-A23B-4C93-8A6C-20885AC7468A}"
EndProject
Project("{2150E333-8FDC-42A3-9474-1A3956D46DE8}") = "Numeros_Primos", "Numeros_Primos", "{02EA681E-C7D8-13C7-8484-4AC65E1B71E8}"
EndProject
Project("{FAE04EC0-301F-11D3-BF4B-00C04F79EFBC}") = "Numeros_Primos_Concurrencia", "Numeros_Primos_Concurrencia\Numeros_Primos_Concurrencia.csproj", "{BE8F2F48-DE2F-48E8-8CC2-1B4F4111CA79}"
EndProject
Project("{2150E333-8FDC-42A3-9474-1A3956D46DE8}") = "Concurrencia", "Concurrencia", "{3951E9A1-F17E-4288-99B9-CA2B4EC45BB0}"
EndProject
Project("{2150E333-8FDC-42A3-9474-1A3956D46DE8}") = "Secuencial", "Secuencial", "{CF94B47A-B5B0-481E-BC19-54C4BF1003C6}"
EndProject
Project("{FAE04EC0-301F-11D3-BF4B-00C04F79EFBC}") = "Numeros_Primos_Secuencial", "Numeros_Primos_Secuencial\Numeros_Primos_Secuencial.csproj", "{67CCBCFD-8C28-4517-BCD6-009DA250480C}"
EndProject
Project("{2150E333-8FDC-42A3-9474-1A3956D46DE8}") = "Tablas_Multiplicar", "Tablas_Multiplicar", "{858FFB3D-C952-4CBA-A69E-F74EB48560AC}"
EndProject
Project("{FAE04EC0-301F-11D3-BF4B-00C04F79EFBC}") = "ConsoleApp1", "ConsoleApp1\ConsoleApp1.csproj", "{836F0275-27CF-4757-A9B5-50A9D103E990}"
EndProject
Project("{2150E333-8FDC-42A3-9474-1A3956D46DE8}") = "Ejecucion_Hilos", "Ejecucion_Hilos", "{81F16C10-31C6-44F0-90AF-59AB47BBB1F4}"
EndProject
Project("{FAE04EC0-301F-11D3-BF4B-00C04F79EFBC}") = "ConsoleApp2", "ConsoleApp2\ConsoleApp2.csproj", "{96E0DB7F-6FF7-4E09-829C-0993092F94A4}"
EndProject
Project("{2150E333-8FDC-42A3-9474-1A3956D46DE8}") = "Practica_5", "Practica_5", "{107BFED6-2A79-4050-B697-9E3BBFBE0C57}"
EndProject
Project("{FAE04EC0-301F-11D3-BF4B-00C04F79EFBC}") = "Practica5", "Practica5\Practica5.csproj", "{0094083E-44EB-4A32-91CF-2FCD2E7691A0}"
EndProject
Global
	GlobalSection(SolutionConfigurationPlatforms) = preSolution
		Debug|Any CPU = Debug|Any CPU
		Release|Any CPU = Release|Any CPU
	EndGlobalSection
	GlobalSection(ProjectConfigurationPlatforms) = postSolution
		{FD1440CF-C9A2-4E4D-93D0-4FC7A5D064C0}.Debug|Any CPU.ActiveCfg = Debug|Any CPU
		{FD1440CF-C9A2-4E4D-93D0-4FC7A5D064C0}.Debug|Any CPU.Build.0 = Debug|Any CPU
		{FD1440CF-C9A2-4E4D-93D0-4FC7A5D064C0}.Release|Any CPU.ActiveCfg = Release|Any CPU
		{FD1440CF-C9A2-4E4D-93D0-4FC7A5D064C0}.Release|Any CPU.Build.0 = Release|Any CPU
		{0793F04D-A23B-4C93-8A6C-20885AC7468A}.Debug|Any CPU.ActiveCfg = Debug|Any CPU
		{0793F04D-A23B-4C93-8A6C-20885AC7468A}.Debug|Any CPU.Build.0 = Debug|Any CPU
		{0793F04D-A23B-4C93-8A6C-20885AC7468A}.Release|Any CPU.ActiveCfg = Release|Any CPU
		{0793F04D-A23B-4C93-8A6C-20885AC7468A}.Release|Any CPU.Build.0 = Release|Any CPU
		{BE8F2F48-DE2F-48E8-8CC2-1B4F4111CA79}.Debug|Any CPU.ActiveCfg = Debug|Any CPU
		{BE8F2F48-DE2F-48E8-8CC2-1B4F4111CA79}.Debug|Any CPU.Build.0 = Debug|Any CPU
		{BE8F2F48-DE2F-48E8-8CC2-1B4F4111CA79}.Release|Any CPU.ActiveCfg = Release|Any CPU
		{BE8F2F48-DE2F-48E8-8CC2-1B4F4111CA79}.Release|Any CPU.Build.0 = Release|Any CPU
		{67CCBCFD-8C28-4517-BCD6-009DA250480C}.Debug|Any CPU.ActiveCfg = Debug|Any CPU
		{67CCBCFD-8C28-4517-BCD6-009DA250480C}.Debug|Any CPU.Build.0 = Debug|Any CPU
		{67CCBCFD-8C28-4517-BCD6-009DA250480C}.Release|Any CPU.ActiveCfg = Release|Any CPU
		{67CCBCFD-8C28-4517-BCD6-009DA250480C}.Release|Any CPU.Build.0 = Release|Any CPU
		{836F0275-27CF-4757-A9B5-50A9D103E990}.Debug|Any CPU.ActiveCfg = Debug|Any CPU
		{836F0275-27CF-4757-A9B5-50A9D103E990}.Debug|Any CPU.Build.0 = Debug|Any CPU
		{836F0275-27CF-4757-A9B5-50A9D103E990}.Release|Any CPU.ActiveCfg = Release|Any CPU
		{836F0275-27CF-4757-A9B5-50A9D103E990}.Release|Any CPU.Build.0 = Release|Any CPU
		{96E0DB7F-6FF7-4E09-829C-0993092F94A4}.Debug|Any CPU.ActiveCfg = Debug|Any CPU
		{96E0DB7F-6FF7-4E09-829C-0993092F94A4}.Debug|Any CPU.Build.0 = Debug|Any CPU
		{96E0DB7F-6FF7-4E09-829C-0993092F94A4}.Release|Any CPU.ActiveCfg = Release|Any CPU
		{96E0DB7F-6FF7-4E09-829C-0993092F94A4}.Release|Any CPU.Build.0 = Release|Any CPU
		{0094083E-44EB-4A32-91CF-2FCD2E7691A0}.Debug|Any CPU.ActiveCfg = Debug|Any CPU
		{0094083E-44EB-4A32-91CF-2FCD2E7691A0}.Debug|Any CPU.Build.0 = Debug|Any CPU
		{0094083E-44EB-4A32-91CF-2FCD2E7691A0}.Debug|Any CPU.Deploy.0 = Debug|Any CPU
		{0094083E-44EB-4A32-91CF-2FCD2E7691A0}.Release|Any CPU.ActiveCfg = Release|Any CPU
		{0094083E-44EB-4A32-91CF-2FCD2E7691A0}.Release|Any CPU.Build.0 = Release|Any CPU
	EndGlobalSection
	GlobalSection(SolutionProperties) = preSolution
		HideSolutionNode = FALSE
	EndGlobalSection
	GlobalSection(NestedProjects) = preSolution
		{FD1440CF-C9A2-4E4D-93D0-4FC7A5D064C0} = {806EB91A-0E7F-4F36-8431-9D8BC99FBD66}
		{0793F04D-A23B-4C93-8A6C-20885AC7468A} = {36FFB316-7E94-4920-9D4E-DA69383446F0}
		{BE8F2F48-DE2F-48E8-8CC2-1B4F4111CA79} = {3951E9A1-F17E-4288-99B9-CA2B4EC45BB0}
		{3951E9A1-F17E-4288-99B9-CA2B4EC45BB0} = {02EA681E-C7D8-13C7-8484-4AC65E1B71E8}
		{CF94B47A-B5B0-481E-BC19-54C4BF1003C6} = {02EA681E-C7D8-13C7-8484-4AC65E1B71E8}
		{67CCBCFD-8C28-4517-BCD6-009DA250480C} = {CF94B47A-B5B0-481E-BC19-54C4BF1003C6}
		{836F0275-27CF-4757-A9B5-50A9D103E990} = {858FFB3D-C952-4CBA-A69E-F74EB48560AC}
		{96E0DB7F-6FF7-4E09-829C-0993092F94A4} = {81F16C10-31C6-44F0-90AF-59AB47BBB1F4}
		{0094083E-44EB-4A32-91CF-2FCD2E7691A0} = {107BFED6-2A79-4050-B697-9E3BBFBE0C57}
	EndGlobalSection
	GlobalSection(ExtensibilityGlobals) = postSolution
		SolutionGuid = {10732537-FBF2-4D65-9614-FD736EF07800}
	EndGlobalSection
EndGlobal
